
Microsoft Visual Studio Solution File, Format Version 12.00
# Visual Studio 2012
Project("{FAE04EC0-301F-11D3-BF4B-00C04F79EFBC}") = "[IPC2]Fase2", "[IPC2]Fase2\[IPC2]Fase2.csproj", "{FAD8AB31-6FE3-4C18-A2D6-DCA12A7A470A}"
EndProject
Global
	GlobalSection(SolutionConfigurationPlatforms) = preSolution
		Debug|Any CPU = Debug|Any CPU
		Release|Any CPU = Release|Any CPU
	EndGlobalSection
	GlobalSection(ProjectConfigurationPlatforms) = postSolution
		{FAD8AB31-6FE3-4C18-A2D6-DCA12A7A470A}.Debug|Any CPU.ActiveCfg = Debug|Any CPU
		{FAD8AB31-6FE3-4C18-A2D6-DCA12A7A470A}.Debug|Any CPU.Build.0 = Debug|Any CPU
		{FAD8AB31-6FE3-4C18-A2D6-DCA12A7A470A}.Release|Any CPU.ActiveCfg = Release|Any CPU
		{FAD8AB31-6FE3-4C18-A2D6-DCA12A7A470A}.Release|Any CPU.Build.0 = Release|Any CPU
	EndGlobalSection
	GlobalSection(SolutionProperties) = preSolution
		HideSolutionNode = FALSE
	EndGlobalSection
EndGlobal
